
Microsoft Visual Studio Solution File, Format Version 12.00
# Visual Studio Version 17
VisualStudioVersion = 17.14.36015.10
MinimumVisualStudioVersion = 10.0.40219.1
Project("{FAE04EC0-301F-11D3-BF4B-00C04F79EFBC}") = "FluentLauncher.UniversalInstaller", "FluentLauncher.UniversalInstaller\FluentLauncher.UniversalInstaller.csproj", "{FF0CCB0B-12EE-F2FC-181D-E491C9118E3C}"
EndProject
Project("{FAE04EC0-301F-11D3-BF4B-00C04F79EFBC}") = "FluentLauncher.CommandLineInstaller", "FluentLauncher.CommandLineInstaller\FluentLauncher.CommandLineInstaller.csproj", "{BF120A67-FF28-4160-ADDC-D179DE7510CD}"
EndProject
Global
	GlobalSection(SolutionConfigurationPlatforms) = preSolution
		Debug|Any CPU = Debug|Any CPU
		Release|Any CPU = Release|Any CPU
	EndGlobalSection
	GlobalSection(ProjectConfigurationPlatforms) = postSolution
		{FF0CCB0B-12EE-F2FC-181D-E491C9118E3C}.Debug|Any CPU.ActiveCfg = Debug|Any CPU
		{FF0CCB0B-12EE-F2FC-181D-E491C9118E3C}.Debug|Any CPU.Build.0 = Debug|Any CPU
		{FF0CCB0B-12EE-F2FC-181D-E491C9118E3C}.Release|Any CPU.ActiveCfg = Release|Any CPU
		{FF0CCB0B-12EE-F2FC-181D-E491C9118E3C}.Release|Any CPU.Build.0 = Release|Any CPU
		{BF120A67-FF28-4160-ADDC-D179DE7510CD}.Debug|Any CPU.ActiveCfg = Debug|Any CPU
		{BF120A67-FF28-4160-ADDC-D179DE7510CD}.Debug|Any CPU.Build.0 = Debug|Any CPU
		{BF120A67-FF28-4160-ADDC-D179DE7510CD}.Release|Any CPU.ActiveCfg = Release|Any CPU
		{BF120A67-FF28-4160-ADDC-D179DE7510CD}.Release|Any CPU.Build.0 = Release|Any CPU
	EndGlobalSection
	GlobalSection(SolutionProperties) = preSolution
		HideSolutionNode = FALSE
	EndGlobalSection
	GlobalSection(ExtensibilityGlobals) = postSolution
		SolutionGuid = {DCB7792A-1061-4989-A7C1-5438924284CF}
	EndGlobalSection
EndGlobal
